
Microsoft Visual Studio Solution File, Format Version 12.00
# Visual Studio Version 16
VisualStudioVersion = 16.0.30523.141
MinimumVisualStudioVersion = 10.0.40219.1
Project("{FAE04EC0-301F-11D3-BF4B-00C04F79EFBC}") = "SrijanAutoStartCount", "SrijanAutoStartCount.csproj", "{B131A091-A033-4F9B-97D4-60E448F2C888}"
EndProject
Global
	GlobalSection(SolutionConfigurationPlatforms) = preSolution
		Debug|Any CPU = Debug|Any CPU
		Release|Any CPU = Release|Any CPU
	EndGlobalSection
	GlobalSection(ProjectConfigurationPlatforms) = postSolution
		{B131A091-A033-4F9B-97D4-60E448F2C888}.Debug|Any CPU.ActiveCfg = Debug|Any CPU
		{B131A091-A033-4F9B-97D4-60E448F2C888}.Debug|Any CPU.Build.0 = Debug|Any CPU
		{B131A091-A033-4F9B-97D4-60E448F2C888}.Release|Any CPU.ActiveCfg = Release|Any CPU
		{B131A091-A033-4F9B-97D4-60E448F2C888}.Release|Any CPU.Build.0 = Release|Any CPU
	EndGlobalSection
	GlobalSection(SolutionProperties) = preSolution
		HideSolutionNode = FALSE
	EndGlobalSection
	GlobalSection(ExtensibilityGlobals) = postSolution
		SolutionGuid = {C09ECAD2-38CE-4380-AD70-B7F262B96469}
	EndGlobalSection
EndGlobal
